{
  "nodes": {
    "flake-utils": {
      "locked": {
        "lastModified": 1637014545,
        "narHash": "sha256-26IZAc5yzlD9FlDT54io1oqG/bBoyka+FJk5guaX4x4=",
        "owner": "numtide",
        "repo": "flake-utils",
        "rev": "bba5dcc8e0b20ab664967ad83d24d64cb64ec4f4",
        "type": "github"
      },
      "original": {
        "owner": "numtide",
        "repo": "flake-utils",
        "type": "github"
      }
    },
    "frontend": {
      "inputs": {
        "flake-utils": "flake-utils",
        "nixpkgs": "nixpkgs"
      },
      "locked": {
        "lastModified": 1639191932,
        "narHash": "sha256-Kcfu8PsWXmY2ep4fAk3I+V7a3KQ3iIhw2KNoeAeGVTY=",
        "ref": "main",
        "rev": "459fbf6eb70b9a11be31ea67fbe7ad4205901f66",
        "revCount": 13,
        "type": "git",
        "url": "ssh://git@github.com/Carbon-X-DAO/cieloverde.io-frontend"
      },
      "original": {
        "ref": "main",
        "type": "git",
        "url": "ssh://git@github.com/Carbon-X-DAO/cieloverde.io-frontend"
      }
    },
    "fu": {
      "locked": {
        "lastModified": 1637014545,
        "narHash": "sha256-26IZAc5yzlD9FlDT54io1oqG/bBoyka+FJk5guaX4x4=",
        "owner": "numtide",
        "repo": "flake-utils",
        "rev": "bba5dcc8e0b20ab664967ad83d24d64cb64ec4f4",
        "type": "github"
      },
      "original": {
        "owner": "numtide",
        "repo": "flake-utils",
        "rev": "bba5dcc8e0b20ab664967ad83d24d64cb64ec4f4",
        "type": "github"
      }
    },
    "nixpkgs": {
      "locked": {
        "lastModified": 1637155076,
        "narHash": "sha256-26ZPNiuzlsnXpt55Q44+yzXvp385aNAfevzVEKbrU5Q=",
        "owner": "nixos",
        "repo": "nixpkgs",
        "rev": "715f63411952c86c8f57ab9e3e3cb866a015b5f2",
        "type": "github"
      },
      "original": {
        "owner": "nixos",
        "ref": "nixos-unstable",
        "repo": "nixpkgs",
        "type": "github"
      }
    },
    "nixpkgs_2": {
      "locked": {
        "lastModified": 1638986258,
        "narHash": "sha256-OceRdctKZRSgqQxVRvvNB0MaEnFMzQqjUffecoDE9eI=",
        "owner": "nixos",
        "repo": "nixpkgs",
        "rev": "581d2d6c9cd5c289002203581d8aa0861963a933",
        "type": "github"
      },
      "original": {
        "owner": "nixos",
        "ref": "nixos-unstable",
        "repo": "nixpkgs",
        "type": "github"
      }
    },
    "root": {
      "inputs": {
        "frontend": "frontend",
        "fu": "fu",
        "nixpkgs": "nixpkgs_2"
      }
    }
  },
  "root": "root",
  "version": 7
}
