{
  "nodes": {
    "flake-utils": {
      "locked": {
        "lastModified": 1637014545,
        "narHash": "sha256-26IZAc5yzlD9FlDT54io1oqG/bBoyka+FJk5guaX4x4=",
        "owner": "numtide",
        "repo": "flake-utils",
        "rev": "bba5dcc8e0b20ab664967ad83d24d64cb64ec4f4",
        "type": "github"
      },
      "original": {
        "owner": "numtide",
        "repo": "flake-utils",
        "type": "github"
      }
    },
    "frontend": {
      "inputs": {
        "flake-utils": "flake-utils",
        "nixpkgs": "nixpkgs"
      },
      "locked": {
        "narHash": "sha256-mr941ArwdHhaQgZVrwQUuyqVaaXugbQw1WNY0pQVXpc=",
        "path": "./frontend",
        "type": "path"
      },
      "original": {
        "path": "./frontend",
        "type": "path"
      }
    },
    "fu": {
      "locked": {
        "lastModified": 1637014545,
        "narHash": "sha256-26IZAc5yzlD9FlDT54io1oqG/bBoyka+FJk5guaX4x4=",
        "owner": "numtide",
        "repo": "flake-utils",
        "rev": "bba5dcc8e0b20ab664967ad83d24d64cb64ec4f4",
        "type": "github"
      },
      "original": {
        "owner": "numtide",
        "repo": "flake-utils",
        "rev": "bba5dcc8e0b20ab664967ad83d24d64cb64ec4f4",
        "type": "github"
      }
    },
    "nixpkgs": {
      "locked": {
        "lastModified": 1637155076,
        "narHash": "sha256-26ZPNiuzlsnXpt55Q44+yzXvp385aNAfevzVEKbrU5Q=",
        "owner": "nixos",
        "repo": "nixpkgs",
        "rev": "715f63411952c86c8f57ab9e3e3cb866a015b5f2",
        "type": "github"
      },
      "original": {
        "owner": "nixos",
        "ref": "nixos-unstable",
        "repo": "nixpkgs",
        "type": "github"
      }
    },
    "nixpkgs_2": {
      "locked": {
        "lastModified": 1637753138,
        "narHash": "sha256-yo7E4a/miP77fH3Ksp9tmYECAPjxBeweJFeZ4tX9O/U=",
        "owner": "nixos",
        "repo": "nixpkgs",
        "rev": "39cb89ef2ffcbef8d2ac2d52267ac69121a6becb",
        "type": "github"
      },
      "original": {
        "owner": "nixos",
        "ref": "nixos-unstable",
        "repo": "nixpkgs",
        "type": "github"
      }
    },
    "root": {
      "inputs": {
        "frontend": "frontend",
        "fu": "fu",
        "nixpkgs": "nixpkgs_2"
      }
    }
  },
  "root": "root",
  "version": 7
}
